
Microsoft Visual Studio Solution File, Format Version 12.00
# Visual Studio Version 17
VisualStudioVersion = 17.7.34009.444
MinimumVisualStudioVersion = 10.0.40219.1
Project("{9A19103F-16F7-4668-BE54-9A1E7A4F7556}") = "Day01", "Day01\Day01.csproj", "{DF77A2D9-73A2-40C7-B086-E3163A50E317}"
EndProject
Project("{FAE04EC0-301F-11D3-BF4B-00C04F79EFBC}") = "Day02", "Day02\Day02.csproj", "{20D09D9B-24CC-437A-8B24-A9040A35BF70}"
EndProject
Global
	GlobalSection(SolutionConfigurationPlatforms) = preSolution
		Debug|Any CPU = Debug|Any CPU
		Release|Any CPU = Release|Any CPU
	EndGlobalSection
	GlobalSection(ProjectConfigurationPlatforms) = postSolution
		{DF77A2D9-73A2-40C7-B086-E3163A50E317}.Debug|Any CPU.ActiveCfg = Debug|Any CPU
		{DF77A2D9-73A2-40C7-B086-E3163A50E317}.Debug|Any CPU.Build.0 = Debug|Any CPU
		{DF77A2D9-73A2-40C7-B086-E3163A50E317}.Release|Any CPU.ActiveCfg = Release|Any CPU
		{DF77A2D9-73A2-40C7-B086-E3163A50E317}.Release|Any CPU.Build.0 = Release|Any CPU
		{20D09D9B-24CC-437A-8B24-A9040A35BF70}.Debug|Any CPU.ActiveCfg = Debug|Any CPU
		{20D09D9B-24CC-437A-8B24-A9040A35BF70}.Debug|Any CPU.Build.0 = Debug|Any CPU
		{20D09D9B-24CC-437A-8B24-A9040A35BF70}.Release|Any CPU.ActiveCfg = Release|Any CPU
		{20D09D9B-24CC-437A-8B24-A9040A35BF70}.Release|Any CPU.Build.0 = Release|Any CPU
	EndGlobalSection
	GlobalSection(SolutionProperties) = preSolution
		HideSolutionNode = FALSE
	EndGlobalSection
	GlobalSection(ExtensibilityGlobals) = postSolution
		SolutionGuid = {19F9F352-11ED-4BE9-A2D1-A42B0ED44F21}
	EndGlobalSection
EndGlobal
